lockfileVersion: '9.0'

settings:
  autoInstallPeers: true
  excludeLinksFromLockfile: false

importers:

  .:
    dependencies:
      '@nanostores/react':
        specifier: ^1.0.0
        version: 1.0.0(nanostores@1.1.0)(react@19.2.3)
      '@nanostores/router':
        specifier: ^1.0.0
        version: 1.0.0(nanostores@1.1.0)
      nanostores:
        specifier: ^1.1.0
        version: 1.1.0

packages:

  '@nanostores/react@1.0.0':
    resolution: {integrity: sha512-eDduyNy+lbQJMg6XxZ/YssQqF6b4OXMFEZMYKPJCCmBevp1lg0g+4ZRi94qGHirMtsNfAWKNwsjOhC+q1gvC+A==}
    engines: {node: ^20.0.0 || >=22.0.0}
    peerDependencies:
      nanostores: ^0.9.0 || ^0.10.0 || ^0.11.0 || ^1.0.0
      react: '>=18.0.0'

  '@nanostores/router@1.0.0':
    resolution: {integrity: sha512-U1pT7u18Yk9yrir/im2sEo8bZcWWWMnOGFoqS2JOkN1vuAntUWNIeUC+8/Q6qPjgatIHGl9IEWB0U7+WdkjzMQ==}
    engines: {node: ^20.0.0 || >=22.0.0}
    peerDependencies:
      nanostores: ^0.9.0 || ^0.10.0 || ^0.11.0 || ^1.0.0

  nanostores@1.1.0:
    resolution: {integrity: sha512-yJBmDJr18xy47dbNVlHcgdPrulSn1nhSE6Ns9vTG+Nx9VPT6iV1MD6aQFp/t52zpf82FhLLTXAXr30NuCnxvwA==}
    engines: {node: ^20.0.0 || >=22.0.0}

  react@19.2.3:
    resolution: {integrity: sha512-Ku/hhYbVjOQnXDZFv2+RibmLFGwFdeeKHFcOTlrt7xplBnya5OGn/hIRDsqDiSUcfORsDC7MPxwork8jBwsIWA==}
    engines: {node: '>=0.10.0'}

snapshots:

  '@nanostores/react@1.0.0(nanostores@1.1.0)(react@19.2.3)':
    dependencies:
      nanostores: 1.1.0
      react: 19.2.3

  '@nanostores/router@1.0.0(nanostores@1.1.0)':
    dependencies:
      nanostores: 1.1.0

  nanostores@1.1.0: {}

  react@19.2.3: {}
